// !$*UTF8*$!
{
	archiveVersion = 1;
	classes = {
	};
	objectVersion = 56;
	objects = {

/* Begin PBXBuildFile section */
		3593863C29BA24EE009D3553 /* ContentView.swift in Sources */ = {isa = PBXBuildFile; fileRef = 3593863B29BA24EE009D3553 /* ContentView.swift */; };
		3593863E29BA24F0009D3553 /* Assets.xcassets in Resources */ = {isa = PBXBuildFile; fileRef = 3593863D29BA24F0009D3553 /* Assets.xcassets */; };
		3593864129BA24F0009D3553 /* Preview Assets.xcassets in Resources */ = {isa = PBXBuildFile; fileRef = 3593864029BA24F0009D3553 /* Preview Assets.xcassets */; };
		3593865929BA3923009D3553 /* Student.swift in Sources */ = {isa = PBXBuildFile; fileRef = 3593865829BA3923009D3553 /* Student.swift */; };
		3593867729BA3C8A009D3553 /* Aufgabe_Swift_Tag04.1.swift in Sources */ = {isa = PBXBuildFile; fileRef = 3593867629BA3C8A009D3553 /* Aufgabe_Swift_Tag04.1.swift */; };
		3593867929BA3CE6009D3553 /* ColorPickerView.swift in Sources */ = {isa = PBXBuildFile; fileRef = 3593867829BA3CE6009D3553 /* ColorPickerView.swift */; };
		359CCBDD29BA4ACF0088778B /* AmpelView.swift in Sources */ = {isa = PBXBuildFile; fileRef = 359CCBDC29BA4ACF0088778B /* AmpelView.swift */; };
		4B7BFDBB2A139EE7009CBF6F /* StudentView.swift in Sources */ = {isa = PBXBuildFile; fileRef = 4B7BFDBA2A139EE3009CBF6F /* StudentView.swift */; };
/* End PBXBuildFile section */

/* Begin PBXFileReference section */
		3593863629BA24EE009D3553 /* Aufgabe_Swift_Tag04.1.app */ = {isa = PBXFileReference; explicitFileType = wrapper.application; includeInIndex = 0; path = Aufgabe_Swift_Tag04.1.app; sourceTree = BUILT_PRODUCTS_DIR; };
		3593863B29BA24EE009D3553 /* ContentView.swift */ = {isa = PBXFileReference; lastKnownFileType = sourcecode.swift; path = ContentView.swift; sourceTree = "<group>"; };
		3593863D29BA24F0009D3553 /* Assets.xcassets */ = {isa = PBXFileReference; lastKnownFileType = folder.assetcatalog; path = Assets.xcassets; sourceTree = "<group>"; };
		3593864029BA24F0009D3553 /* Preview Assets.xcassets */ = {isa = PBXFileReference; lastKnownFileType = folder.assetcatalog; path = "Preview Assets.xcassets"; sourceTree = "<group>"; };
		3593864729BA2502009D3553 /* README.md */ = {isa = PBXFileReference; lastKnownFileType = net.daringfireball.markdown; path = README.md; sourceTree = "<group>"; };
		3593865829BA3923009D3553 /* Student.swift */ = {isa = PBXFileReference; lastKnownFileType = sourcecode.swift; path = Student.swift; sourceTree = "<group>"; };
		3593867629BA3C8A009D3553 /* Aufgabe_Swift_Tag04.1.swift */ = {isa = PBXFileReference; lastKnownFileType = sourcecode.swift; path = Aufgabe_Swift_Tag04.1.swift; sourceTree = "<group>"; };
		3593867829BA3CE6009D3553 /* ColorPickerView.swift */ = {isa = PBXFileReference; lastKnownFileType = sourcecode.swift; path = ColorPickerView.swift; sourceTree = "<group>"; };
		359CCBDC29BA4ACF0088778B /* AmpelView.swift */ = {isa = PBXFileReference; lastKnownFileType = sourcecode.swift; path = AmpelView.swift; sourceTree = "<group>"; };
		4B7BFDBA2A139EE3009CBF6F /* StudentView.swift */ = {isa = PBXFileReference; lastKnownFileType = sourcecode.swift; path = StudentView.swift; sourceTree = "<group>"; };
/* End PBXFileReference section */

/* Begin PBXFrameworksBuildPhase section */
		3593863329BA24EE009D3553 /* Frameworks */ = {
			isa = PBXFrameworksBuildPhase;
			buildActionMask = 2147483647;
			files = (
			);
			runOnlyForDeploymentPostprocessing = 0;
		};
/* End PBXFrameworksBuildPhase section */

/* Begin PBXGroup section */
		3593862D29BA24EE009D3553 = {
			isa = PBXGroup;
			children = (
				3593864729BA2502009D3553 /* README.md */,
				3593863829BA24EE009D3553 /* Aufgabe_Swift_Tag04.1 */,
				3593863729BA24EE009D3553 /* Products */,
			);
			sourceTree = "<group>";
		};
		3593863729BA24EE009D3553 /* Products */ = {
			isa = PBXGroup;
			children = (
				3593863629BA24EE009D3553 /* Aufgabe_Swift_Tag04.1.app */,
			);
			name = Products;
			sourceTree = "<group>";
		};
		3593863829BA24EE009D3553 /* Aufgabe_Swift_Tag04.1 */ = {
			isa = PBXGroup;
			children = (
				3593863B29BA24EE009D3553 /* ContentView.swift */,
				3593863D29BA24F0009D3553 /* Assets.xcassets */,
				3593863F29BA24F0009D3553 /* Preview Content */,
				3593865829BA3923009D3553 /* Student.swift */,
				3593867629BA3C8A009D3553 /* Aufgabe_Swift_Tag04.1.swift */,
				3593867829BA3CE6009D3553 /* ColorPickerView.swift */,
				359CCBDC29BA4ACF0088778B /* AmpelView.swift */,
				4B7BFDBA2A139EE3009CBF6F /* StudentView.swift */,
			);
			path = Aufgabe_Swift_Tag04.1;
			sourceTree = "<group>";
		};
		3593863F29BA24F0009D3553 /* Preview Content */ = {
			isa = PBXGroup;
			children = (
				3593864029BA24F0009D3553 /* Preview Assets.xcassets */,
			);
			path = "Preview Content";
			sourceTree = "<group>";
		};
/* End PBXGroup section */

/* Begin PBXNativeTarget section */
		3593863529BA24EE009D3553 /* Aufgabe_Swift_Tag04.1 */ = {
			isa = PBXNativeTarget;
			buildConfigurationList = 3593864429BA24F0009D3553 /* Build configuration list for PBXNativeTarget "Aufgabe_Swift_Tag04.1" */;
			buildPhases = (
				3593863229BA24EE009D3553 /* Sources */,
				3593863329BA24EE009D3553 /* Frameworks */,
				3593863429BA24EE009D3553 /* Resources */,
			);
			buildRules = (
			);
			dependencies = (
			);
			name = Aufgabe_Swift_Tag04.1;
			productName = Aufgabe_Swift_Tag04.1;
			productReference = 3593863629BA24EE009D3553 /* Aufgabe_Swift_Tag04.1.app */;
			productType = "com.apple.product-type.application";
		};
/* End PBXNativeTarget section */

/* Begin PBXProject section */
		3593862E29BA24EE009D3553 /* Project object */ = {
			isa = PBXProject;
			attributes = {
				BuildIndependentTargetsInParallel = 1;
				LastSwiftUpdateCheck = 1420;
				LastUpgradeCheck = 1420;
				TargetAttributes = {
					3593863529BA24EE009D3553 = {
						CreatedOnToolsVersion = 14.2;
					};
				};
			};
			buildConfigurationList = 3593863129BA24EE009D3553 /* Build configuration list for PBXProject "Aufgabe_Swift_Tag04.1" */;
			compatibilityVersion = "Xcode 14.0";
			developmentRegion = en;
			hasScannedForEncodings = 0;
			knownRegions = (
				en,
				Base,
			);
			mainGroup = 3593862D29BA24EE009D3553;
			productRefGroup = 3593863729BA24EE009D3553 /* Products */;
			projectDirPath = "";
			projectRoot = "";
			targets = (
				3593863529BA24EE009D3553 /* Aufgabe_Swift_Tag04.1 */,
			);
		};
/* End PBXProject section */

/* Begin PBXResourcesBuildPhase section */
		3593863429BA24EE009D3553 /* Resources */ = {
			isa = PBXResourcesBuildPhase;
			buildActionMask = 2147483647;
			files = (
				3593864129BA24F0009D3553 /* Preview Assets.xcassets in Resources */,
				3593863E29BA24F0009D3553 /* Assets.xcassets in Resources */,
			);
			runOnlyForDeploymentPostprocessing = 0;
		};
/* End PBXResourcesBuildPhase section */

/* Begin PBXSourcesBuildPhase section */
		3593863229BA24EE009D3553 /* Sources */ = {
			isa = PBXSourcesBuildPhase;
			buildActionMask = 2147483647;
			files = (
				3593863C29BA24EE009D3553 /* ContentView.swift in Sources */,
				359CCBDD29BA4ACF0088778B /* AmpelView.swift in Sources */,
				3593865929BA3923009D3553 /* Student.swift in Sources */,
				3593867729BA3C8A009D3553 /* Aufgabe_Swift_Tag04.1.swift in Sources */,
				4B7BFDBB2A139EE7009CBF6F /* StudentView.swift in Sources */,
				3593867929BA3CE6009D3553 /* ColorPickerView.swift in Sources */,
			);
			runOnlyForDeploymentPostprocessing = 0;
		};
/* End PBXSourcesBuildPhase section */

/* Begin XCBuildConfiguration section */
		3593864229BA24F0009D3553 /* Debug */ = {
			isa = XCBuildConfiguration;
			buildSettings = {
				ALWAYS_SEARCH_USER_PATHS = NO;
				CLANG_ANALYZER_NONNULL = YES;
				CLANG_ANALYZER_NUMBER_OBJECT_CONVERSION = YES_AGGRESSIVE;
				CLANG_CXX_LANGUAGE_STANDARD = "gnu++20";
				CLANG_ENABLE_MODULES = YES;
				CLANG_ENABLE_OBJC_ARC = YES;
				CLANG_ENABLE_OBJC_WEAK = YES;
				CLANG_WARN_BLOCK_CAPTURE_AUTORELEASING = YES;
				CLANG_WARN_BOOL_CONVERSION = YES;
				CLANG_WARN_COMMA = YES;
				CLANG_WARN_CONSTANT_CONVERSION = YES;
				CLANG_WARN_DEPRECATED_OBJC_IMPLEMENTATIONS = YES;
				CLANG_WARN_DIRECT_OBJC_ISA_USAGE = YES_ERROR;
				CLANG_WARN_DOCUMENTATION_COMMENTS = YES;
				CLANG_WARN_EMPTY_BODY = YES;
				CLANG_WARN_ENUM_CONVERSION = YES;
				CLANG_WARN_INFINITE_RECURSION = YES;
				CLANG_WARN_INT_CONVERSION = YES;
				CLANG_WARN_NON_LITERAL_NULL_CONVERSION = YES;
				CLANG_WARN_OBJC_IMPLICIT_RETAIN_SELF = YES;
				CLANG_WARN_OBJC_LITERAL_CONVERSION = YES;
				CLANG_WARN_OBJC_ROOT_CLASS = YES_ERROR;
				CLANG_WARN_QUOTED_INCLUDE_IN_FRAMEWORK_HEADER = YES;
				CLANG_WARN_RANGE_LOOP_ANALYSIS = YES;
				CLANG_WARN_STRICT_PROTOTYPES = YES;
				CLANG_WARN_SUSPICIOUS_MOVE = YES;
				CLANG_WARN_UNGUARDED_AVAILABILITY = YES_AGGRESSIVE;
				CLANG_WARN_UNREACHABLE_CODE = YES;
				CLANG_WARN__DUPLICATE_METHOD_MATCH = YES;
				COPY_PHASE_STRIP = NO;
				DEBUG_INFORMATION_FORMAT = dwarf;
				ENABLE_STRICT_OBJC_MSGSEND = YES;
				ENABLE_TESTABILITY = YES;
				GCC_C_LANGUAGE_STANDARD = gnu11;
				GCC_DYNAMIC_NO_PIC = NO;
				GCC_NO_COMMON_BLOCKS = YES;
				GCC_OPTIMIZATION_LEVEL = 0;
				GCC_PREPROCESSOR_DEFINITIONS = (
					"DEBUG=1",
					"$(inherited)",
				);
				GCC_WARN_64_TO_32_BIT_CONVERSION = YES;
				GCC_WARN_ABOUT_RETURN_TYPE = YES_ERROR;
				GCC_WARN_UNDECLARED_SELECTOR = YES;
				GCC_WARN_UNINITIALIZED_AUTOS = YES_AGGRESSIVE;
				GCC_WARN_UNUSED_FUNCTION = YES;
				GCC_WARN_UNUSED_VARIABLE = YES;
				IPHONEOS_DEPLOYMENT_TARGET = 16.2;
				MTL_ENABLE_DEBUG_INFO = INCLUDE_SOURCE;
				MTL_FAST_MATH = YES;
				ONLY_ACTIVE_ARCH = YES;
				SDKROOT = iphoneos;
				SWIFT_ACTIVE_COMPILATION_CONDITIONS = DEBUG;
				SWIFT_OPTIMIZATION_LEVEL = "-Onone";
			};
			name = Debug;
		};
		3593864329BA24F0009D3553 /* Release */ = {
			isa = XCBuildConfiguration;
			buildSettings = {
				ALWAYS_SEARCH_USER_PATHS = NO;
				CLANG_ANALYZER_NONNULL = YES;
				CLANG_ANALYZER_NUMBER_OBJECT_CONVERSION = YES_AGGRESSIVE;
				CLANG_CXX_LANGUAGE_STANDARD = "gnu++20";
				CLANG_ENABLE_MODULES = YES;
				CLANG_ENABLE_OBJC_ARC = YES;
				CLANG_ENABLE_OBJC_WEAK = YES;
				CLANG_WARN_BLOCK_CAPTURE_AUTORELEASING = YES;
				CLANG_WARN_BOOL_CONVERSION = YES;
				CLANG_WARN_COMMA = YES;
				CLANG_WARN_CONSTANT_CONVERSION = YES;
				CLANG_WARN_DEPRECATED_OBJC_IMPLEMENTATIONS = YES;
				CLANG_WARN_DIRECT_OBJC_ISA_USAGE = YES_ERROR;
				CLANG_WARN_DOCUMENTATION_COMMENTS = YES;
				CLANG_WARN_EMPTY_BODY = YES;
				CLANG_WARN_ENUM_CONVERSION = YES;
				CLANG_WARN_INFINITE_RECURSION = YES;
				CLANG_WARN_INT_CONVERSION = YES;
				CLANG_WARN_NON_LITERAL_NULL_CONVERSION = YES;
				CLANG_WARN_OBJC_IMPLICIT_RETAIN_SELF = YES;
				CLANG_WARN_OBJC_LITERAL_CONVERSION = YES;
				CLANG_WARN_OBJC_ROOT_CLASS = YES_ERROR;
				CLANG_WARN_QUOTED_INCLUDE_IN_FRAMEWORK_HEADER = YES;
				CLANG_WARN_RANGE_LOOP_ANALYSIS = YES;
				CLANG_WARN_STRICT_PROTOTYPES = YES;
				CLANG_WARN_SUSPICIOUS_MOVE = YES;
				CLANG_WARN_UNGUARDED_AVAILABILITY = YES_AGGRESSIVE;
				CLANG_WARN_UNREACHABLE_CODE = YES;
				CLANG_WARN__DUPLICATE_METHOD_MATCH = YES;
				COPY_PHASE_STRIP = NO;
				DEBUG_INFORMATION_FORMAT = "dwarf-with-dsym";
				ENABLE_NS_ASSERTIONS = NO;
				ENABLE_STRICT_OBJC_MSGSEND = YES;
				GCC_C_LANGUAGE_STANDARD = gnu11;
				GCC_NO_COMMON_BLOCKS = YES;
				GCC_WARN_64_TO_32_BIT_CONVERSION = YES;
				GCC_WARN_ABOUT_RETURN_TYPE = YES_ERROR;
				GCC_WARN_UNDECLARED_SELECTOR = YES;
				GCC_WARN_UNINITIALIZED_AUTOS = YES_AGGRESSIVE;
				GCC_WARN_UNUSED_FUNCTION = YES;
				GCC_WARN_UNUSED_VARIABLE = YES;
				IPHONEOS_DEPLOYMENT_TARGET = 16.2;
				MTL_ENABLE_DEBUG_INFO = NO;
				MTL_FAST_MATH = YES;
				SDKROOT = iphoneos;
				SWIFT_COMPILATION_MODE = wholemodule;
				SWIFT_OPTIMIZATION_LEVEL = "-O";
				VALIDATE_PRODUCT = YES;
			};
			name = Release;
		};
		3593864529BA24F0009D3553 /* Debug */ = {
			isa = XCBuildConfiguration;
			buildSettings = {
				ASSETCATALOG_COMPILER_APPICON_NAME = AppIcon;
				ASSETCATALOG_COMPILER_GLOBAL_ACCENT_COLOR_NAME = AccentColor;
				CODE_SIGN_STYLE = Automatic;
				CURRENT_PROJECT_VERSION = 1;
				DEVELOPMENT_ASSET_PATHS = "\"Aufgabe_Swift_Tag04.1/Preview Content\"";
				ENABLE_PREVIEWS = YES;
				GENERATE_INFOPLIST_FILE = YES;
				INFOPLIST_KEY_UIApplicationSceneManifest_Generation = YES;
				INFOPLIST_KEY_UIApplicationSupportsIndirectInputEvents = YES;
				INFOPLIST_KEY_UILaunchScreen_Generation = YES;
				INFOPLIST_KEY_UISupportedInterfaceOrientations_iPad = "UIInterfaceOrientationPortrait UIInterfaceOrientationPortraitUpsideDown UIInterfaceOrientationLandscapeLeft UIInterfaceOrientationLandscapeRight";
				INFOPLIST_KEY_UISupportedInterfaceOrientations_iPhone = "UIInterfaceOrientationPortrait UIInterfaceOrientationLandscapeLeft UIInterfaceOrientationLandscapeRight";
				LD_RUNPATH_SEARCH_PATHS = (
					"$(inherited)",
					"@executable_path/Frameworks",
				);
				MARKETING_VERSION = 1.0;
				PRODUCT_BUNDLE_IDENTIFIER = "de.syntax-institut.Aufgabe-Swift-Tag04-1";
				PRODUCT_NAME = "$(TARGET_NAME)";
				SWIFT_EMIT_LOC_STRINGS = YES;
				SWIFT_VERSION = 5.0;
				TARGETED_DEVICE_FAMILY = "1,2";
			};
			name = Debug;
		};
		3593864629BA24F0009D3553 /* Release */ = {
			isa = XCBuildConfiguration;
			buildSettings = {
				ASSETCATALOG_COMPILER_APPICON_NAME = AppIcon;
				ASSETCATALOG_COMPILER_GLOBAL_ACCENT_COLOR_NAME = AccentColor;
				CODE_SIGN_STYLE = Automatic;
				CURRENT_PROJECT_VERSION = 1;
				DEVELOPMENT_ASSET_PATHS = "\"Aufgabe_Swift_Tag04.1/Preview Content\"";
				ENABLE_PREVIEWS = YES;
				GENERATE_INFOPLIST_FILE = YES;
				INFOPLIST_KEY_UIApplicationSceneManifest_Generation = YES;
				INFOPLIST_KEY_UIApplicationSupportsIndirectInputEvents = YES;
				INFOPLIST_KEY_UILaunchScreen_Generation = YES;
				INFOPLIST_KEY_UISupportedInterfaceOrientations_iPad = "UIInterfaceOrientationPortrait UIInterfaceOrientationPortraitUpsideDown UIInterfaceOrientationLandscapeLeft UIInterfaceOrientationLandscapeRight";
				INFOPLIST_KEY_UISupportedInterfaceOrientations_iPhone = "UIInterfaceOrientationPortrait UIInterfaceOrientationLandscapeLeft UIInterfaceOrientationLandscapeRight";
				LD_RUNPATH_SEARCH_PATHS = (
					"$(inherited)",
					"@executable_path/Frameworks",
				);
				MARKETING_VERSION = 1.0;
				PRODUCT_BUNDLE_IDENTIFIER = "de.syntax-institut.Aufgabe-Swift-Tag04-1";
				PRODUCT_NAME = "$(TARGET_NAME)";
				SWIFT_EMIT_LOC_STRINGS = YES;
				SWIFT_VERSION = 5.0;
				TARGETED_DEVICE_FAMILY = "1,2";
			};
			name = Release;
		};
/* End XCBuildConfiguration section */

/* Begin XCConfigurationList section */
		3593863129BA24EE009D3553 /* Build configuration list for PBXProject "Aufgabe_Swift_Tag04.1" */ = {
			isa = XCConfigurationList;
			buildConfigurations = (
				3593864229BA24F0009D3553 /* Debug */,
				3593864329BA24F0009D3553 /* Release */,
			);
			defaultConfigurationIsVisible = 0;
			defaultConfigurationName = Release;
		};
		3593864429BA24F0009D3553 /* Build configuration list for PBXNativeTarget "Aufgabe_Swift_Tag04.1" */ = {
			isa = XCConfigurationList;
			buildConfigurations = (
				3593864529BA24F0009D3553 /* Debug */,
				3593864629BA24F0009D3553 /* Release */,
			);
			defaultConfigurationIsVisible = 0;
			defaultConfigurationName = Release;
		};
/* End XCConfigurationList section */
	};
	rootObject = 3593862E29BA24EE009D3553 /* Project object */;
}
